{
    "_readme": [
        "This file locks the dependencies of your project to a known state",
        "Read more about it at https://getcomposer.org/doc/01-basic-usage.md#composer-lock-the-lock-file",
        "This file is @generated automatically"
    ],
    "hash": "9c9bb04f66499637ac0dbd0fa4623fb0",
    "content-hash": "23c4ad4583c10714d1d8eeb37407c6ff",
    "packages": [],
    "packages-dev": [],
    "aliases": [],
    "minimum-stability": "stable",
    "stability-flags": [],
    "prefer-stable": false,
    "prefer-lowest": false,
    "platform": {
        "lib-curl": "*",
        "php": ">=5.2"
    },
    "platform-dev": []
}
